// !$*UTF8*$!
{
	archiveVersion = 1;
	classes = {
	};
	objectVersion = 50;
	objects = {

/* Begin PBXBuildFile section */
		9B42800622B8890C00C80AB3 /* AppDelegate.m in Sources */ = {isa = PBXBuildFile; fileRef = 9B42800522B8890C00C80AB3 /* AppDelegate.m */; };
		9B42800922B8890C00C80AB3 /* ViewController.m in Sources */ = {isa = PBXBuildFile; fileRef = 9B42800822B8890C00C80AB3 /* ViewController.m */; };
		9B42800C22B8890C00C80AB3 /* Main.storyboard in Resources */ = {isa = PBXBuildFile; fileRef = 9B42800A22B8890C00C80AB3 /* Main.storyboard */; };
		9B42800E22B8890E00C80AB3 /* Assets.xcassets in Resources */ = {isa = PBXBuildFile; fileRef = 9B42800D22B8890E00C80AB3 /* Assets.xcassets */; };
		9B42801122B8890E00C80AB3 /* LaunchScreen.storyboard in Resources */ = {isa = PBXBuildFile; fileRef = 9B42800F22B8890E00C80AB3 /* LaunchScreen.storyboard */; };
		9B42801422B8890E00C80AB3 /* main.m in Sources */ = {isa = PBXBuildFile; fileRef = 9B42801322B8890E00C80AB3 /* main.m */; };
		9B42803C22B8C7C200C80AB3 /* paysdkFramwork.framework in Frameworks */ = {isa = PBXBuildFile; fileRef = 9B42803B22B8C7C200C80AB3 /* paysdkFramwork.framework */; };
/* End PBXBuildFile section */

/* Begin PBXFileReference section */
		9B42800122B8890B00C80AB3 /* paysdkDemo.app */ = {isa = PBXFileReference; explicitFileType = wrapper.application; includeInIndex = 0; path = paysdkDemo.app; sourceTree = BUILT_PRODUCTS_DIR; };
		9B42800422B8890B00C80AB3 /* AppDelegate.h */ = {isa = PBXFileReference; lastKnownFileType = sourcecode.c.h; path = AppDelegate.h; sourceTree = "<group>"; };
		9B42800522B8890C00C80AB3 /* AppDelegate.m */ = {isa = PBXFileReference; lastKnownFileType = sourcecode.c.objc; path = AppDelegate.m; sourceTree = "<group>"; };
		9B42800722B8890C00C80AB3 /* ViewController.h */ = {isa = PBXFileReference; lastKnownFileType = sourcecode.c.h; path = ViewController.h; sourceTree = "<group>"; };
		9B42800822B8890C00C80AB3 /* ViewController.m */ = {isa = PBXFileReference; lastKnownFileType = sourcecode.c.objc; path = ViewController.m; sourceTree = "<group>"; };
		9B42800B22B8890C00C80AB3 /* Base */ = {isa = PBXFileReference; lastKnownFileType = file.storyboard; name = Base; path = Base.lproj/Main.storyboard; sourceTree = "<group>"; };
		9B42800D22B8890E00C80AB3 /* Assets.xcassets */ = {isa = PBXFileReference; lastKnownFileType = folder.assetcatalog; path = Assets.xcassets; sourceTree = "<group>"; };
		9B42801022B8890E00C80AB3 /* Base */ = {isa = PBXFileReference; lastKnownFileType = file.storyboard; name = Base; path = Base.lproj/LaunchScreen.storyboard; sourceTree = "<group>"; };
		9B42801222B8890E00C80AB3 /* Info.plist */ = {isa = PBXFileReference; lastKnownFileType = text.plist.xml; path = Info.plist; sourceTree = "<group>"; };
		9B42801322B8890E00C80AB3 /* main.m */ = {isa = PBXFileReference; lastKnownFileType = sourcecode.c.objc; path = main.m; sourceTree = "<group>"; };
		9B42803B22B8C7C200C80AB3 /* paysdkFramwork.framework */ = {isa = PBXFileReference; lastKnownFileType = wrapper.framework; name = paysdkFramwork.framework; path = ../../paysdkFramwork/MyFramwork/paysdkFramwork.framework; sourceTree = "<group>"; };
/* End PBXFileReference section */

/* Begin PBXFrameworksBuildPhase section */
		9B427FFE22B8890B00C80AB3 /* Frameworks */ = {
			isa = PBXFrameworksBuildPhase;
			buildActionMask = 2147483647;
			files = (
				9B42803C22B8C7C200C80AB3 /* paysdkFramwork.framework in Frameworks */,
			);
			runOnlyForDeploymentPostprocessing = 0;
		};
/* End PBXFrameworksBuildPhase section */

/* Begin PBXGroup section */
		9B427FF822B8890B00C80AB3 = {
			isa = PBXGroup;
			children = (
				9B42800322B8890B00C80AB3 /* paysdkDemo */,
				9B42800222B8890B00C80AB3 /* Products */,
			);
			sourceTree = "<group>";
		};
		9B42800222B8890B00C80AB3 /* Products */ = {
			isa = PBXGroup;
			children = (
				9B42800122B8890B00C80AB3 /* paysdkDemo.app */,
			);
			name = Products;
			sourceTree = "<group>";
		};
		9B42800322B8890B00C80AB3 /* paysdkDemo */ = {
			isa = PBXGroup;
			children = (
				9B42803B22B8C7C200C80AB3 /* paysdkFramwork.framework */,
				9B42800422B8890B00C80AB3 /* AppDelegate.h */,
				9B42800522B8890C00C80AB3 /* AppDelegate.m */,
				9B42800722B8890C00C80AB3 /* ViewController.h */,
				9B42800822B8890C00C80AB3 /* ViewController.m */,
				9B42800A22B8890C00C80AB3 /* Main.storyboard */,
				9B42800D22B8890E00C80AB3 /* Assets.xcassets */,
				9B42800F22B8890E00C80AB3 /* LaunchScreen.storyboard */,
				9B42801222B8890E00C80AB3 /* Info.plist */,
				9B42801322B8890E00C80AB3 /* main.m */,
			);
			path = paysdkDemo;
			sourceTree = "<group>";
		};
/* End PBXGroup section */

/* Begin PBXNativeTarget section */
		9B42800022B8890B00C80AB3 /* paysdkDemo */ = {
			isa = PBXNativeTarget;
			buildConfigurationList = 9B42801722B8890E00C80AB3 /* Build configuration list for PBXNativeTarget "paysdkDemo" */;
			buildPhases = (
				9B427FFD22B8890B00C80AB3 /* Sources */,
				9B427FFE22B8890B00C80AB3 /* Frameworks */,
				9B427FFF22B8890B00C80AB3 /* Resources */,
				9B42801F22B88A3F00C80AB3 /* ShellScript */,
			);
			buildRules = (
			);
			dependencies = (
			);
			name = paysdkDemo;
			productName = paysdkDemo;
			productReference = 9B42800122B8890B00C80AB3 /* paysdkDemo.app */;
			productType = "com.apple.product-type.application";
		};
/* End PBXNativeTarget section */

/* Begin PBXProject section */
		9B427FF922B8890B00C80AB3 /* Project object */ = {
			isa = PBXProject;
			attributes = {
				LastUpgradeCheck = 1020;
				ORGANIZATIONNAME = xqc;
				TargetAttributes = {
					9B42800022B8890B00C80AB3 = {
						CreatedOnToolsVersion = 10.2.1;
					};
				};
			};
			buildConfigurationList = 9B427FFC22B8890B00C80AB3 /* Build configuration list for PBXProject "paysdkDemo" */;
			compatibilityVersion = "Xcode 9.3";
			developmentRegion = en;
			hasScannedForEncodings = 0;
			knownRegions = (
				en,
				Base,
			);
			mainGroup = 9B427FF822B8890B00C80AB3;
			productRefGroup = 9B42800222B8890B00C80AB3 /* Products */;
			projectDirPath = "";
			projectRoot = "";
			targets = (
				9B42800022B8890B00C80AB3 /* paysdkDemo */,
			);
		};
/* End PBXProject section */

/* Begin PBXResourcesBuildPhase section */
		9B427FFF22B8890B00C80AB3 /* Resources */ = {
			isa = PBXResourcesBuildPhase;
			buildActionMask = 2147483647;
			files = (
				9B42801122B8890E00C80AB3 /* LaunchScreen.storyboard in Resources */,
				9B42800E22B8890E00C80AB3 /* Assets.xcassets in Resources */,
				9B42800C22B8890C00C80AB3 /* Main.storyboard in Resources */,
			);
			runOnlyForDeploymentPostprocessing = 0;
		};
/* End PBXResourcesBuildPhase section */

/* Begin PBXShellScriptBuildPhase section */
		9B42801F22B88A3F00C80AB3 /* ShellScript */ = {
			isa = PBXShellScriptBuildPhase;
			buildActionMask = 2147483647;
			files = (
			);
			inputFileListPaths = (
			);
			inputPaths = (
			);
			outputFileListPaths = (
			);
			outputPaths = (
			);
			runOnlyForDeploymentPostprocessing = 0;
			shellPath = /bin/sh;
			shellScript = "
";
		};
/* End PBXShellScriptBuildPhase section */

/* Begin PBXSourcesBuildPhase section */
		9B427FFD22B8890B00C80AB3 /* Sources */ = {
			isa = PBXSourcesBuildPhase;
			buildActionMask = 2147483647;
			files = (
				9B42800922B8890C00C80AB3 /* ViewController.m in Sources */,
				9B42801422B8890E00C80AB3 /* main.m in Sources */,
				9B42800622B8890C00C80AB3 /* AppDelegate.m in Sources */,
			);
			runOnlyForDeploymentPostprocessing = 0;
		};
/* End PBXSourcesBuildPhase section */

/* Begin PBXVariantGroup section */
		9B42800A22B8890C00C80AB3 /* Main.storyboard */ = {
			isa = PBXVariantGroup;
			children = (
				9B42800B22B8890C00C80AB3 /* Base */,
			);
			name = Main.storyboard;
			sourceTree = "<group>";
		};
		9B42800F22B8890E00C80AB3 /* LaunchScreen.storyboard */ = {
			isa = PBXVariantGroup;
			children = (
				9B42801022B8890E00C80AB3 /* Base */,
			);
			name = LaunchScreen.storyboard;
			sourceTree = "<group>";
		};
/* End PBXVariantGroup section */

/* Begin XCBuildConfiguration section */
		9B42801522B8890E00C80AB3 /* Debug */ = {
			isa = XCBuildConfiguration;
			buildSettings = {
				ALWAYS_SEARCH_USER_PATHS = NO;
				CLANG_ANALYZER_NONNULL = YES;
				CLANG_ANALYZER_NUMBER_OBJECT_CONVERSION = YES_AGGRESSIVE;
				CLANG_CXX_LANGUAGE_STANDARD = "gnu++14";
				CLANG_CXX_LIBRARY = "libc++";
				CLANG_ENABLE_MODULES = YES;
				CLANG_ENABLE_OBJC_ARC = YES;
				CLANG_ENABLE_OBJC_WEAK = YES;
				CLANG_WARN_BLOCK_CAPTURE_AUTORELEASING = YES;
				CLANG_WARN_BOOL_CONVERSION = YES;
				CLANG_WARN_COMMA = YES;
				CLANG_WARN_CONSTANT_CONVERSION = YES;
				CLANG_WARN_DEPRECATED_OBJC_IMPLEMENTATIONS = YES;
				CLANG_WARN_DIRECT_OBJC_ISA_USAGE = YES_ERROR;
				CLANG_WARN_DOCUMENTATION_COMMENTS = YES;
				CLANG_WARN_EMPTY_BODY = YES;
				CLANG_WARN_ENUM_CONVERSION = YES;
				CLANG_WARN_INFINITE_RECURSION = YES;
				CLANG_WARN_INT_CONVERSION = YES;
				CLANG_WARN_NON_LITERAL_NULL_CONVERSION = YES;
				CLANG_WARN_OBJC_IMPLICIT_RETAIN_SELF = YES;
				CLANG_WARN_OBJC_LITERAL_CONVERSION = YES;
				CLANG_WARN_OBJC_ROOT_CLASS = YES_ERROR;
				CLANG_WARN_RANGE_LOOP_ANALYSIS = YES;
				CLANG_WARN_STRICT_PROTOTYPES = YES;
				CLANG_WARN_SUSPICIOUS_MOVE = YES;
				CLANG_WARN_UNGUARDED_AVAILABILITY = YES_AGGRESSIVE;
				CLANG_WARN_UNREACHABLE_CODE = YES;
				CLANG_WARN__DUPLICATE_METHOD_MATCH = YES;
				CODE_SIGN_IDENTITY = "iPhone Developer";
				COPY_PHASE_STRIP = NO;
				DEBUG_INFORMATION_FORMAT = dwarf;
				ENABLE_STRICT_OBJC_MSGSEND = YES;
				ENABLE_TESTABILITY = YES;
				GCC_C_LANGUAGE_STANDARD = gnu11;
				GCC_DYNAMIC_NO_PIC = NO;
				GCC_NO_COMMON_BLOCKS = YES;
				GCC_OPTIMIZATION_LEVEL = 0;
				GCC_PREPROCESSOR_DEFINITIONS = (
					"DEBUG=1",
					"$(inherited)",
				);
				GCC_WARN_64_TO_32_BIT_CONVERSION = YES;
				GCC_WARN_ABOUT_RETURN_TYPE = YES_ERROR;
				GCC_WARN_UNDECLARED_SELECTOR = YES;
				GCC_WARN_UNINITIALIZED_AUTOS = YES_AGGRESSIVE;
				GCC_WARN_UNUSED_FUNCTION = YES;
				GCC_WARN_UNUSED_VARIABLE = YES;
				IPHONEOS_DEPLOYMENT_TARGET = 12.2;
				MTL_ENABLE_DEBUG_INFO = INCLUDE_SOURCE;
				MTL_FAST_MATH = YES;
				ONLY_ACTIVE_ARCH = YES;
				SDKROOT = iphoneos;
			};
			name = Debug;
		};
		9B42801622B8890E00C80AB3 /* Release */ = {
			isa = XCBuildConfiguration;
			buildSettings = {
				ALWAYS_SEARCH_USER_PATHS = NO;
				CLANG_ANALYZER_NONNULL = YES;
				CLANG_ANALYZER_NUMBER_OBJECT_CONVERSION = YES_AGGRESSIVE;
				CLANG_CXX_LANGUAGE_STANDARD = "gnu++14";
				CLANG_CXX_LIBRARY = "libc++";
				CLANG_ENABLE_MODULES = YES;
				CLANG_ENABLE_OBJC_ARC = YES;
				CLANG_ENABLE_OBJC_WEAK = YES;
				CLANG_WARN_BLOCK_CAPTURE_AUTORELEASING = YES;
				CLANG_WARN_BOOL_CONVERSION = YES;
				CLANG_WARN_COMMA = YES;
				CLANG_WARN_CONSTANT_CONVERSION = YES;
				CLANG_WARN_DEPRECATED_OBJC_IMPLEMENTATIONS = YES;
				CLANG_WARN_DIRECT_OBJC_ISA_USAGE = YES_ERROR;
				CLANG_WARN_DOCUMENTATION_COMMENTS = YES;
				CLANG_WARN_EMPTY_BODY = YES;
				CLANG_WARN_ENUM_CONVERSION = YES;
				CLANG_WARN_INFINITE_RECURSION = YES;
				CLANG_WARN_INT_CONVERSION = YES;
				CLANG_WARN_NON_LITERAL_NULL_CONVERSION = YES;
				CLANG_WARN_OBJC_IMPLICIT_RETAIN_SELF = YES;
				CLANG_WARN_OBJC_LITERAL_CONVERSION = YES;
				CLANG_WARN_OBJC_ROOT_CLASS = YES_ERROR;
				CLANG_WARN_RANGE_LOOP_ANALYSIS = YES;
				CLANG_WARN_STRICT_PROTOTYPES = YES;
				CLANG_WARN_SUSPICIOUS_MOVE = YES;
				CLANG_WARN_UNGUARDED_AVAILABILITY = YES_AGGRESSIVE;
				CLANG_WARN_UNREACHABLE_CODE = YES;
				CLANG_WARN__DUPLICATE_METHOD_MATCH = YES;
				CODE_SIGN_IDENTITY = "iPhone Developer";
				COPY_PHASE_STRIP = NO;
				DEBUG_INFORMATION_FORMAT = "dwarf-with-dsym";
				ENABLE_NS_ASSERTIONS = NO;
				ENABLE_STRICT_OBJC_MSGSEND = YES;
				GCC_C_LANGUAGE_STANDARD = gnu11;
				GCC_NO_COMMON_BLOCKS = YES;
				GCC_WARN_64_TO_32_BIT_CONVERSION = YES;
				GCC_WARN_ABOUT_RETURN_TYPE = YES_ERROR;
				GCC_WARN_UNDECLARED_SELECTOR = YES;
				GCC_WARN_UNINITIALIZED_AUTOS = YES_AGGRESSIVE;
				GCC_WARN_UNUSED_FUNCTION = YES;
				GCC_WARN_UNUSED_VARIABLE = YES;
				IPHONEOS_DEPLOYMENT_TARGET = 12.2;
				MTL_ENABLE_DEBUG_INFO = NO;
				MTL_FAST_MATH = YES;
				SDKROOT = iphoneos;
				VALIDATE_PRODUCT = YES;
			};
			name = Release;
		};
		9B42801822B8890E00C80AB3 /* Debug */ = {
			isa = XCBuildConfiguration;
			buildSettings = {
				ASSETCATALOG_COMPILER_APPICON_NAME = AppIcon;
				CODE_SIGN_STYLE = Automatic;
				FRAMEWORK_SEARCH_PATHS = (
					"$(inherited)",
					"$(PROJECT_DIR)/paysdkDemo",
				);
				INFOPLIST_FILE = paysdkDemo/Info.plist;
				LD_RUNPATH_SEARCH_PATHS = (
					"$(inherited)",
					"@executable_path/Frameworks",
				);
				LIBRARY_SEARCH_PATHS = "\"$(SRCROOT)/../paysdkFramwork/MyFramwork/paysdkFramwork.framework\"";
				PRODUCT_BUNDLE_IDENTIFIER = com.xqc.paysdkDemo;
				PRODUCT_NAME = "$(TARGET_NAME)";
				TARGETED_DEVICE_FAMILY = "1,2";
			};
			name = Debug;
		};
		9B42801922B8890E00C80AB3 /* Release */ = {
			isa = XCBuildConfiguration;
			buildSettings = {
				ASSETCATALOG_COMPILER_APPICON_NAME = AppIcon;
				CODE_SIGN_STYLE = Automatic;
				FRAMEWORK_SEARCH_PATHS = (
					"$(inherited)",
					"$(PROJECT_DIR)/paysdkDemo",
				);
				INFOPLIST_FILE = paysdkDemo/Info.plist;
				LD_RUNPATH_SEARCH_PATHS = (
					"$(inherited)",
					"@executable_path/Frameworks",
				);
				LIBRARY_SEARCH_PATHS = "\"$(SRCROOT)/../paysdkFramwork/MyFramwork/paysdkFramwork.framework\"";
				PRODUCT_BUNDLE_IDENTIFIER = com.xqc.paysdkDemo;
				PRODUCT_NAME = "$(TARGET_NAME)";
				TARGETED_DEVICE_FAMILY = "1,2";
			};
			name = Release;
		};
/* End XCBuildConfiguration section */

/* Begin XCConfigurationList section */
		9B427FFC22B8890B00C80AB3 /* Build configuration list for PBXProject "paysdkDemo" */ = {
			isa = XCConfigurationList;
			buildConfigurations = (
				9B42801522B8890E00C80AB3 /* Debug */,
				9B42801622B8890E00C80AB3 /* Release */,
			);
			defaultConfigurationIsVisible = 0;
			defaultConfigurationName = Release;
		};
		9B42801722B8890E00C80AB3 /* Build configuration list for PBXNativeTarget "paysdkDemo" */ = {
			isa = XCConfigurationList;
			buildConfigurations = (
				9B42801822B8890E00C80AB3 /* Debug */,
				9B42801922B8890E00C80AB3 /* Release */,
			);
			defaultConfigurationIsVisible = 0;
			defaultConfigurationName = Release;
		};
/* End XCConfigurationList section */
	};
	rootObject = 9B427FF922B8890B00C80AB3 /* Project object */;
}
